{
  "name": "nodesamples",
  "version": "1.0.0",
  "lockfileVersion": 1,
  "requires": true,
  "dependencies": {
    "he": {
      "version": "1.1.1",
      "resolved": "https://registry.npmjs.org/he/-/he-1.1.1.tgz",
      "integrity": "sha1-k0EP0hsAlzUVH4howvJx80J+I/0="
    },
    "iconv-lite": {
      "version": "0.4.19",
      "resolved": "https://registry.npmjs.org/iconv-lite/-/iconv-lite-0.4.19.tgz",
      "integrity": "sha512-oTZqweIP51xaGPI4uPa56/Pri/480R+mo7SeU+YETByQNhDG55ycFyNLIgta9vXhILrxXDmF7ZGhqZIcuN0gJQ=="
    },
    "xslt-processor": {
      "version": "0.10.0",
      "resolved": "https://registry.npmjs.org/xslt-processor/-/xslt-processor-0.10.0.tgz",
      "integrity": "sha512-ObYHc7Hr7Z0N9HGMFtD5pMEHMgbXJbLXHLjhVW5ja6thUiJ9koSzrUOFLzCeA1OJNGkJImv7Q+5qG66s2iDy6g==",
      "requires": {
        "he": "1.1.1"
      }
    },
    "zlib": {
      "version": "1.0.5",
      "resolved": "https://registry.npmjs.org/zlib/-/zlib-1.0.5.tgz",
      "integrity": "sha1-bnyXL8NxxkWmr7A6sUdp3vEU/MA="
    }
  }
}
