{
  "name": "exnodetranslate",
  "version": "1.0.0",
  "lockfileVersion": 1,
  "requires": true,
  "dependencies": {
    "json-translate": {
      "version": "0.0.2",
      "resolved": "https://registry.npmjs.org/json-translate/-/json-translate-0.0.2.tgz",
      "integrity": "sha1-MYBbR+4jYcphLPKx8Umu13OtMEg=",
      "requires": {
        "underscore": "1.8.3"
      }
    },
    "lodash": {
      "version": "4.17.10",
      "resolved": "https://registry.npmjs.org/lodash/-/lodash-4.17.10.tgz",
      "integrity": "sha512-UejweD1pDoXu+AD825lWwp4ZGtSwgnpZxb3JDViD7StjQz+Nb/6l093lx4OQ0foGWNRoc19mWy7BzL+UAK2iVg=="
    },
    "node-json-transform": {
      "version": "1.0.16",
      "resolved": "https://registry.npmjs.org/node-json-transform/-/node-json-transform-1.0.16.tgz",
      "integrity": "sha1-wIRBWdbnZdNIM/3TO8GSs8Xi6HE=",
      "requires": {
        "lodash": "4.17.10"
      }
    },
    "underscore": {
      "version": "1.8.3",
      "resolved": "https://registry.npmjs.org/underscore/-/underscore-1.8.3.tgz",
      "integrity": "sha1-Tz+1OxBuYJf8+ctBCfKl6b36UCI="
    }
  }
}
